
Microsoft Visual Studio Solution File, Format Version 12.00
# Visual Studio Version 16
VisualStudioVersion = 16.0.32106.194
MinimumVisualStudioVersion = 10.0.40219.1
Project("{FAE04EC0-301F-11D3-BF4B-00C04F79EFBC}") = "SSIS Status", "SSIS Status.csproj", "{09BB3544-897E-4B7F-9EAF-1274DC0E56A2}"
EndProject
Global
	GlobalSection(SolutionConfigurationPlatforms) = preSolution
		Debug|Any CPU = Debug|Any CPU
		Release|Any CPU = Release|Any CPU
	EndGlobalSection
	GlobalSection(ProjectConfigurationPlatforms) = postSolution
		{09BB3544-897E-4B7F-9EAF-1274DC0E56A2}.Debug|Any CPU.ActiveCfg = Debug|Any CPU
		{09BB3544-897E-4B7F-9EAF-1274DC0E56A2}.Debug|Any CPU.Build.0 = Debug|Any CPU
		{09BB3544-897E-4B7F-9EAF-1274DC0E56A2}.Release|Any CPU.ActiveCfg = Release|Any CPU
		{09BB3544-897E-4B7F-9EAF-1274DC0E56A2}.Release|Any CPU.Build.0 = Release|Any CPU
	EndGlobalSection
	GlobalSection(SolutionProperties) = preSolution
		HideSolutionNode = FALSE
	EndGlobalSection
	GlobalSection(ExtensibilityGlobals) = postSolution
		SolutionGuid = {BEC6FD53-67FB-4984-A275-BEF3855AD878}
	EndGlobalSection
EndGlobal
